
Microsoft Visual Studio Solution File, Format Version 12.00
# Visual Studio Version 16
VisualStudioVersion = 16.0.29926.136
MinimumVisualStudioVersion = 10.0.40219.1
Project("{9A19103F-16F7-4668-BE54-9A1E7A4F7556}") = "Azure.Core", "..\..\core\Azure.Core\src\Azure.Core.csproj", "{CCCB08DE-9935-4A98-927E-BD28CD9890B4}"
EndProject
Project("{9A19103F-16F7-4668-BE54-9A1E7A4F7556}") = "Azure.Identity", "..\..\identity\Azure.Identity\src\Azure.Identity.csproj", "{AC857EAB-A8FD-49D4-BE6F-54B3EFF4914D}"
EndProject
Project("{9A19103F-16F7-4668-BE54-9A1E7A4F7556}") = "Azure.Graph.Rbac", "..\..\testcommon\Azure.Graph.Rbac\src\Azure.Graph.Rbac.csproj", "{8C6B7F8F-DC87-4D61-8731-0FCF3304E2DA}"
EndProject
Project("{9A19103F-16F7-4668-BE54-9A1E7A4F7556}") = "Azure.Management.Resource", "src\Azure.Management.Resource.csproj", "{F793E45B-E579-49F9-8D1E-3F912811F22E}"
EndProject
Project("{9A19103F-16F7-4668-BE54-9A1E7A4F7556}") = "Azure.Management.Resource.Tests", "tests\Azure.Management.Resource.Tests.csproj", "{DFD3B1BF-2934-4724-92A2-B29B513C28F3}"
EndProject
Global
	GlobalSection(SolutionConfigurationPlatforms) = preSolution
		Debug|Any CPU = Debug|Any CPU
		Release|Any CPU = Release|Any CPU
	EndGlobalSection
	GlobalSection(ProjectConfigurationPlatforms) = postSolution
		{CCCB08DE-9935-4A98-927E-BD28CD9890B4}.Debug|Any CPU.ActiveCfg = Debug|Any CPU
		{CCCB08DE-9935-4A98-927E-BD28CD9890B4}.Debug|Any CPU.Build.0 = Debug|Any CPU
		{CCCB08DE-9935-4A98-927E-BD28CD9890B4}.Release|Any CPU.ActiveCfg = Release|Any CPU
		{CCCB08DE-9935-4A98-927E-BD28CD9890B4}.Release|Any CPU.Build.0 = Release|Any CPU
		{AC857EAB-A8FD-49D4-BE6F-54B3EFF4914D}.Debug|Any CPU.ActiveCfg = Debug|Any CPU
		{AC857EAB-A8FD-49D4-BE6F-54B3EFF4914D}.Debug|Any CPU.Build.0 = Debug|Any CPU
		{AC857EAB-A8FD-49D4-BE6F-54B3EFF4914D}.Release|Any CPU.ActiveCfg = Release|Any CPU
		{AC857EAB-A8FD-49D4-BE6F-54B3EFF4914D}.Release|Any CPU.Build.0 = Release|Any CPU
		{8C6B7F8F-DC87-4D61-8731-0FCF3304E2DA}.Debug|Any CPU.ActiveCfg = Debug|Any CPU
		{8C6B7F8F-DC87-4D61-8731-0FCF3304E2DA}.Debug|Any CPU.Build.0 = Debug|Any CPU
		{8C6B7F8F-DC87-4D61-8731-0FCF3304E2DA}.Release|Any CPU.ActiveCfg = Release|Any CPU
		{8C6B7F8F-DC87-4D61-8731-0FCF3304E2DA}.Release|Any CPU.Build.0 = Release|Any CPU
		{F793E45B-E579-49F9-8D1E-3F912811F22E}.Debug|Any CPU.ActiveCfg = Debug|Any CPU
		{F793E45B-E579-49F9-8D1E-3F912811F22E}.Debug|Any CPU.Build.0 = Debug|Any CPU
		{F793E45B-E579-49F9-8D1E-3F912811F22E}.Release|Any CPU.ActiveCfg = Release|Any CPU
		{F793E45B-E579-49F9-8D1E-3F912811F22E}.Release|Any CPU.Build.0 = Release|Any CPU
		{DFD3B1BF-2934-4724-92A2-B29B513C28F3}.Debug|Any CPU.ActiveCfg = Debug|Any CPU
		{DFD3B1BF-2934-4724-92A2-B29B513C28F3}.Debug|Any CPU.Build.0 = Debug|Any CPU
		{DFD3B1BF-2934-4724-92A2-B29B513C28F3}.Release|Any CPU.ActiveCfg = Release|Any CPU
		{DFD3B1BF-2934-4724-92A2-B29B513C28F3}.Release|Any CPU.Build.0 = Release|Any CPU
	EndGlobalSection
	GlobalSection(SolutionProperties) = preSolution
		HideSolutionNode = FALSE
	EndGlobalSection
	GlobalSection(ExtensibilityGlobals) = postSolution
		SolutionGuid = {A97F4B90-2591-4689-B1F8-5F21FE6D6CAE}
	EndGlobalSection
EndGlobal
