
Microsoft Visual Studio Solution File, Format Version 12.00
# Visual Studio 15
VisualStudioVersion = 15.0.28307.421
MinimumVisualStudioVersion = 10.0.40219.1
Project("{9A19103F-16F7-4668-BE54-9A1E7A4F7556}") = "Azure.Management.Resource", "src\Azure.Management.Resource.csproj", "{075A8CB1-5A23-4379-B6FE-3D18AFF58BB9}"
EndProject
Global
	GlobalSection(SolutionConfigurationPlatforms) = preSolution
		Debug|Any CPU = Debug|Any CPU
		Release|Any CPU = Release|Any CPU
	EndGlobalSection
	GlobalSection(ProjectConfigurationPlatforms) = postSolution
		{075A8CB1-5A23-4379-B6FE-3D18AFF58BB9}.Debug|Any CPU.ActiveCfg = Debug|Any CPU
		{075A8CB1-5A23-4379-B6FE-3D18AFF58BB9}.Debug|Any CPU.Build.0 = Debug|Any CPU
		{075A8CB1-5A23-4379-B6FE-3D18AFF58BB9}.Release|Any CPU.ActiveCfg = Release|Any CPU
		{075A8CB1-5A23-4379-B6FE-3D18AFF58BB9}.Release|Any CPU.Build.0 = Release|Any CPU
	EndGlobalSection
	GlobalSection(SolutionProperties) = preSolution
		HideSolutionNode = FALSE
	EndGlobalSection
	GlobalSection(ExtensibilityGlobals) = postSolution
		SolutionGuid = {A97F4B90-2591-4689-B1F8-5F21FE6D6CAE}
	EndGlobalSection
EndGlobal
